
Microsoft Visual Studio Solution File, Format Version 12.00
# Visual Studio Version 16
VisualStudioVersion = 16.0.31019.35
MinimumVisualStudioVersion = 10.0.40219.1
Project("{9A19103F-16F7-4668-BE54-9A1E7A4F7556}") = "CreateMissing", "CreateMissing.csproj", "{FE1382C9-ACC6-4DF3-B894-3AD411FAF076}"
EndProject
Global
	GlobalSection(SolutionConfigurationPlatforms) = preSolution
		Debug|Any CPU = Debug|Any CPU
		Release|Any CPU = Release|Any CPU
	EndGlobalSection
	GlobalSection(ProjectConfigurationPlatforms) = postSolution
		{FE1382C9-ACC6-4DF3-B894-3AD411FAF076}.Debug|Any CPU.ActiveCfg = Debug|Any CPU
		{FE1382C9-ACC6-4DF3-B894-3AD411FAF076}.Debug|Any CPU.Build.0 = Debug|Any CPU
		{FE1382C9-ACC6-4DF3-B894-3AD411FAF076}.Release|Any CPU.ActiveCfg = Release|Any CPU
		{FE1382C9-ACC6-4DF3-B894-3AD411FAF076}.Release|Any CPU.Build.0 = Release|Any CPU
	EndGlobalSection
	GlobalSection(SolutionProperties) = preSolution
		HideSolutionNode = FALSE
	EndGlobalSection
	GlobalSection(ExtensibilityGlobals) = postSolution
		SolutionGuid = {89002FE6-6BDB-45B8-98E5-7C158FF27837}
	EndGlobalSection
EndGlobal
